
Microsoft Visual Studio Solution File, Format Version 12.00
# Visual Studio Version 17
VisualStudioVersion = 17.0.31903.59
MinimumVisualStudioVersion = 10.0.40219.1
Project("{FAE04EC0-301F-11D3-BF4B-00C04F79EFBC}") = "DaprHybridApp.AppHost", "DaprHybridApp.AppHost\DaprHybridApp.AppHost.csproj", "{7390E28C-98D9-49A5-8B10-943E47317485}"
EndProject
Project("{FAE04EC0-301F-11D3-BF4B-00C04F79EFBC}") = "DaprHybridApp.ServiceDefaults", "DaprHybridApp.ServiceDefaults\DaprHybridApp.ServiceDefaults.csproj", "{75AC12F7-21A9-46DE-A749-BAD8A76EE783}"
EndProject
Project("{FAE04EC0-301F-11D3-BF4B-00C04F79EFBC}") = "DaprHybridApp.DaprSubscriber", "DaprHybridApp.DaprSubscriber\DaprHybridApp.DaprSubscriber.csproj", "{EE0265B0-6D4B-4968-9388-3EEB88041785}"
EndProject
Project("{FAE04EC0-301F-11D3-BF4B-00C04F79EFBC}") = "DaprHybridApp.ConfluentProducer", "DaprHybridApp.ConfluentProducer\DaprHybridApp.ConfluentProducer.csproj", "{82EF7C59-E105-4C82-BFEF-5255109ABA96}"
EndProject
Global
	GlobalSection(SolutionConfigurationPlatforms) = preSolution
		Debug|Any CPU = Debug|Any CPU
		Release|Any CPU = Release|Any CPU
	EndGlobalSection
	GlobalSection(ProjectConfigurationPlatforms) = postSolution
		{7390E28C-98D9-49A5-8B10-943E47317485}.Debug|Any CPU.ActiveCfg = Debug|Any CPU
		{7390E28C-98D9-49A5-8B10-943E47317485}.Debug|Any CPU.Build.0 = Debug|Any CPU
		{7390E28C-98D9-49A5-8B10-943E47317485}.Release|Any CPU.ActiveCfg = Release|Any CPU
		{7390E28C-98D9-49A5-8B10-943E47317485}.Release|Any CPU.Build.0 = Release|Any CPU
		{75AC12F7-21A9-46DE-A749-BAD8A76EE783}.Debug|Any CPU.ActiveCfg = Debug|Any CPU
		{75AC12F7-21A9-46DE-A749-BAD8A76EE783}.Debug|Any CPU.Build.0 = Debug|Any CPU
		{75AC12F7-21A9-46DE-A749-BAD8A76EE783}.Release|Any CPU.ActiveCfg = Release|Any CPU
		{75AC12F7-21A9-46DE-A749-BAD8A76EE783}.Release|Any CPU.Build.0 = Release|Any CPU
		{EE0265B0-6D4B-4968-9388-3EEB88041785}.Debug|Any CPU.ActiveCfg = Debug|Any CPU
		{EE0265B0-6D4B-4968-9388-3EEB88041785}.Debug|Any CPU.Build.0 = Debug|Any CPU
		{EE0265B0-6D4B-4968-9388-3EEB88041785}.Release|Any CPU.ActiveCfg = Release|Any CPU
		{EE0265B0-6D4B-4968-9388-3EEB88041785}.Release|Any CPU.Build.0 = Release|Any CPU
		{82EF7C59-E105-4C82-BFEF-5255109ABA96}.Debug|Any CPU.ActiveCfg = Debug|Any CPU
		{82EF7C59-E105-4C82-BFEF-5255109ABA96}.Debug|Any CPU.Build.0 = Debug|Any CPU
		{82EF7C59-E105-4C82-BFEF-5255109ABA96}.Release|Any CPU.ActiveCfg = Release|Any CPU
		{82EF7C59-E105-4C82-BFEF-5255109ABA96}.Release|Any CPU.Build.0 = Release|Any CPU
	EndGlobalSection
	GlobalSection(SolutionProperties) = preSolution
		HideSolutionNode = FALSE
	EndGlobalSection
EndGlobal
